{
  "name": "leave-status",
  "lockfileVersion": 3,
  "requires": true,
  "packages": {
    "": {
      "dependencies": {
        "@cloudflare/workers-types": "^4.20260504.1"
      }
    },
    "node_modules/@cloudflare/workers-types": {
      "version": "4.20260504.1",
      "resolved": "https://registry.npmjs.org/@cloudflare/workers-types/-/workers-types-4.20260504.1.tgz",
      "integrity": "sha512-x/7BzBXSGBQS0wHdaY0/1bcaRszkkhCjTc5maQvNSHu/pTVdBF2f/L41W8pRSJJSbLL80ynW7O923O7v3PaLtg==",
      "license": "MIT OR Apache-2.0"
    }
  }
}
